
Microsoft Visual Studio Solution File, Format Version 12.00
# Visual Studio Version 16
VisualStudioVersion = 16.0.29418.71
MinimumVisualStudioVersion = 10.0.40219.1
Project("{FAE04EC0-301F-11D3-BF4B-00C04F79EFBC}") = "H2", "H2\H2.csproj", "{168B053C-CB6A-422B-8240-5A78D81358D2}"
EndProject
Global
	GlobalSection(SolutionConfigurationPlatforms) = preSolution
		Debug|Any CPU = Debug|Any CPU
		Release|Any CPU = Release|Any CPU
	EndGlobalSection
	GlobalSection(ProjectConfigurationPlatforms) = postSolution
		{168B053C-CB6A-422B-8240-5A78D81358D2}.Debug|Any CPU.ActiveCfg = Debug|Any CPU
		{168B053C-CB6A-422B-8240-5A78D81358D2}.Debug|Any CPU.Build.0 = Debug|Any CPU
		{168B053C-CB6A-422B-8240-5A78D81358D2}.Release|Any CPU.ActiveCfg = Release|Any CPU
		{168B053C-CB6A-422B-8240-5A78D81358D2}.Release|Any CPU.Build.0 = Release|Any CPU
	EndGlobalSection
	GlobalSection(SolutionProperties) = preSolution
		HideSolutionNode = FALSE
	EndGlobalSection
	GlobalSection(ExtensibilityGlobals) = postSolution
		SolutionGuid = {A49EB824-CF51-4863-89C3-4571B6F77777}
	EndGlobalSection
EndGlobal
