
Microsoft Visual Studio Solution File, Format Version 12.00
# Visual Studio Version 16
VisualStudioVersion = 16.0.29418.71
MinimumVisualStudioVersion = 10.0.40219.1
Project("{FAE04EC0-301F-11D3-BF4B-00C04F79EFBC}") = "MedicationDispenser", "MedicationDispenser\MedicationDispenser.csproj", "{0CB82A36-7B63-4C9A-8482-99B4ADAEC883}"
EndProject
Project("{FAE04EC0-301F-11D3-BF4B-00C04F79EFBC}") = "GrpcServer", "GrpcServer\GrpcServer.csproj", "{C488D703-5CBB-4226-AE16-5BA468AF7902}"
EndProject
Project("{FAE04EC0-301F-11D3-BF4B-00C04F79EFBC}") = "GrpcClient", "GrpcClient\GrpcClient.csproj", "{7E693C4D-7843-4DB8-9C43-E1F1982AFFB4}"
EndProject
Global
	GlobalSection(SolutionConfigurationPlatforms) = preSolution
		Debug|Any CPU = Debug|Any CPU
		Release|Any CPU = Release|Any CPU
	EndGlobalSection
	GlobalSection(ProjectConfigurationPlatforms) = postSolution
		{0CB82A36-7B63-4C9A-8482-99B4ADAEC883}.Debug|Any CPU.ActiveCfg = Debug|Any CPU
		{0CB82A36-7B63-4C9A-8482-99B4ADAEC883}.Debug|Any CPU.Build.0 = Debug|Any CPU
		{0CB82A36-7B63-4C9A-8482-99B4ADAEC883}.Release|Any CPU.ActiveCfg = Release|Any CPU
		{0CB82A36-7B63-4C9A-8482-99B4ADAEC883}.Release|Any CPU.Build.0 = Release|Any CPU
		{C488D703-5CBB-4226-AE16-5BA468AF7902}.Debug|Any CPU.ActiveCfg = Debug|Any CPU
		{C488D703-5CBB-4226-AE16-5BA468AF7902}.Debug|Any CPU.Build.0 = Debug|Any CPU
		{C488D703-5CBB-4226-AE16-5BA468AF7902}.Release|Any CPU.ActiveCfg = Release|Any CPU
		{C488D703-5CBB-4226-AE16-5BA468AF7902}.Release|Any CPU.Build.0 = Release|Any CPU
		{7E693C4D-7843-4DB8-9C43-E1F1982AFFB4}.Debug|Any CPU.ActiveCfg = Debug|Any CPU
		{7E693C4D-7843-4DB8-9C43-E1F1982AFFB4}.Debug|Any CPU.Build.0 = Debug|Any CPU
		{7E693C4D-7843-4DB8-9C43-E1F1982AFFB4}.Release|Any CPU.ActiveCfg = Release|Any CPU
		{7E693C4D-7843-4DB8-9C43-E1F1982AFFB4}.Release|Any CPU.Build.0 = Release|Any CPU
	EndGlobalSection
	GlobalSection(SolutionProperties) = preSolution
		HideSolutionNode = FALSE
	EndGlobalSection
	GlobalSection(ExtensibilityGlobals) = postSolution
		SolutionGuid = {A4D8C67A-6042-4910-A565-DE7FA433709E}
	EndGlobalSection
EndGlobal
