
Microsoft Visual Studio Solution File, Format Version 12.00
# Visual Studio Version 16
VisualStudioVersion = 16.0.29418.71
MinimumVisualStudioVersion = 10.0.40219.1
Project("{9A19103F-16F7-4668-BE54-9A1E7A4F7556}") = "GrpcServer", "GrpcServer\GrpcServer.csproj", "{C488D703-5CBB-4226-AE16-5BA468AF7902}"
EndProject
Project("{9A19103F-16F7-4668-BE54-9A1E7A4F7556}") = "MedicationDispenser", "WebDispenser\MedicationDispenser.csproj", "{88CB4F15-EE98-48B1-B6B1-C69E42580A5E}"
EndProject
Project("{9A19103F-16F7-4668-BE54-9A1E7A4F7556}") = "Client", "Client\Client.csproj", "{0BA02EA5-EB78-4923-82D7-02312B92933C}"
EndProject
Global
	GlobalSection(SolutionConfigurationPlatforms) = preSolution
		Debug|Any CPU = Debug|Any CPU
		Debug|x64 = Debug|x64
		Debug|x86 = Debug|x86
		Release|Any CPU = Release|Any CPU
		Release|x64 = Release|x64
		Release|x86 = Release|x86
	EndGlobalSection
	GlobalSection(ProjectConfigurationPlatforms) = postSolution
		{C488D703-5CBB-4226-AE16-5BA468AF7902}.Debug|Any CPU.ActiveCfg = Debug|Any CPU
		{C488D703-5CBB-4226-AE16-5BA468AF7902}.Debug|Any CPU.Build.0 = Debug|Any CPU
		{C488D703-5CBB-4226-AE16-5BA468AF7902}.Debug|x64.ActiveCfg = Debug|Any CPU
		{C488D703-5CBB-4226-AE16-5BA468AF7902}.Debug|x64.Build.0 = Debug|Any CPU
		{C488D703-5CBB-4226-AE16-5BA468AF7902}.Debug|x86.ActiveCfg = Debug|Any CPU
		{C488D703-5CBB-4226-AE16-5BA468AF7902}.Debug|x86.Build.0 = Debug|Any CPU
		{C488D703-5CBB-4226-AE16-5BA468AF7902}.Release|Any CPU.ActiveCfg = Release|Any CPU
		{C488D703-5CBB-4226-AE16-5BA468AF7902}.Release|Any CPU.Build.0 = Release|Any CPU
		{C488D703-5CBB-4226-AE16-5BA468AF7902}.Release|x64.ActiveCfg = Release|Any CPU
		{C488D703-5CBB-4226-AE16-5BA468AF7902}.Release|x64.Build.0 = Release|Any CPU
		{C488D703-5CBB-4226-AE16-5BA468AF7902}.Release|x86.ActiveCfg = Release|Any CPU
		{C488D703-5CBB-4226-AE16-5BA468AF7902}.Release|x86.Build.0 = Release|Any CPU
		{88CB4F15-EE98-48B1-B6B1-C69E42580A5E}.Debug|Any CPU.ActiveCfg = Debug|Any CPU
		{88CB4F15-EE98-48B1-B6B1-C69E42580A5E}.Debug|Any CPU.Build.0 = Debug|Any CPU
		{88CB4F15-EE98-48B1-B6B1-C69E42580A5E}.Debug|x64.ActiveCfg = Debug|Any CPU
		{88CB4F15-EE98-48B1-B6B1-C69E42580A5E}.Debug|x64.Build.0 = Debug|Any CPU
		{88CB4F15-EE98-48B1-B6B1-C69E42580A5E}.Debug|x86.ActiveCfg = Debug|Any CPU
		{88CB4F15-EE98-48B1-B6B1-C69E42580A5E}.Debug|x86.Build.0 = Debug|Any CPU
		{88CB4F15-EE98-48B1-B6B1-C69E42580A5E}.Release|Any CPU.ActiveCfg = Release|Any CPU
		{88CB4F15-EE98-48B1-B6B1-C69E42580A5E}.Release|Any CPU.Build.0 = Release|Any CPU
		{88CB4F15-EE98-48B1-B6B1-C69E42580A5E}.Release|x64.ActiveCfg = Release|Any CPU
		{88CB4F15-EE98-48B1-B6B1-C69E42580A5E}.Release|x64.Build.0 = Release|Any CPU
		{88CB4F15-EE98-48B1-B6B1-C69E42580A5E}.Release|x86.ActiveCfg = Release|Any CPU
		{88CB4F15-EE98-48B1-B6B1-C69E42580A5E}.Release|x86.Build.0 = Release|Any CPU
		{0BA02EA5-EB78-4923-82D7-02312B92933C}.Debug|Any CPU.ActiveCfg = Debug|Any CPU
		{0BA02EA5-EB78-4923-82D7-02312B92933C}.Debug|Any CPU.Build.0 = Debug|Any CPU
		{0BA02EA5-EB78-4923-82D7-02312B92933C}.Debug|x64.ActiveCfg = Debug|Any CPU
		{0BA02EA5-EB78-4923-82D7-02312B92933C}.Debug|x64.Build.0 = Debug|Any CPU
		{0BA02EA5-EB78-4923-82D7-02312B92933C}.Debug|x86.ActiveCfg = Debug|Any CPU
		{0BA02EA5-EB78-4923-82D7-02312B92933C}.Debug|x86.Build.0 = Debug|Any CPU
		{0BA02EA5-EB78-4923-82D7-02312B92933C}.Release|Any CPU.ActiveCfg = Release|Any CPU
		{0BA02EA5-EB78-4923-82D7-02312B92933C}.Release|Any CPU.Build.0 = Release|Any CPU
		{0BA02EA5-EB78-4923-82D7-02312B92933C}.Release|x64.ActiveCfg = Release|Any CPU
		{0BA02EA5-EB78-4923-82D7-02312B92933C}.Release|x64.Build.0 = Release|Any CPU
		{0BA02EA5-EB78-4923-82D7-02312B92933C}.Release|x86.ActiveCfg = Release|Any CPU
		{0BA02EA5-EB78-4923-82D7-02312B92933C}.Release|x86.Build.0 = Release|Any CPU
	EndGlobalSection
	GlobalSection(SolutionProperties) = preSolution
		HideSolutionNode = FALSE
	EndGlobalSection
	GlobalSection(ExtensibilityGlobals) = postSolution
		SolutionGuid = {A4D8C67A-6042-4910-A565-DE7FA433709E}
	EndGlobalSection
EndGlobal
